
Microsoft Visual Studio Solution File, Format Version 12.00
# Visual Studio 2013
VisualStudioVersion = 12.0.40629.0
MinimumVisualStudioVersion = 10.0.40219.1
Project("{8BC9CEB8-8B4A-11D0-8D11-00A0C91BC942}") = "vxtClsOpenGLTriangle", "vxtClsOpenGLTriangle.vcxproj", "{DF49458C-7985-4C54-8D41-F5EF9DE11DAE}"
EndProject
Global
	GlobalSection(SolutionConfigurationPlatforms) = preSolution
		Release|Win32 = Release|Win32
		Release|x64 = Release|x64
		StaticOGL_MD|Win32 = StaticOGL_MD|Win32
		StaticOGL_MD|x64 = StaticOGL_MD|x64
		StaticOGL|Win32 = StaticOGL|Win32
		StaticOGL|x64 = StaticOGL|x64
		StaticOGLDebug_MD|Win32 = StaticOGLDebug_MD|Win32
		StaticOGLDebug_MD|x64 = StaticOGLDebug_MD|x64
		StaticOGLDebug|Win32 = StaticOGLDebug|Win32
		StaticOGLDebug|x64 = StaticOGLDebug|x64
		StaticOGLDebugWithExports|Win32 = StaticOGLDebugWithExports|Win32
		StaticOGLDebugWithExports|x64 = StaticOGLDebugWithExports|x64
		StaticOGLWithExports|Win32 = StaticOGLWithExports|Win32
		StaticOGLWithExports|x64 = StaticOGLWithExports|x64
	EndGlobalSection
	GlobalSection(ProjectConfigurationPlatforms) = postSolution
		{DF49458C-7985-4C54-8D41-F5EF9DE11DAE}.Release|Win32.ActiveCfg = Release|Win32
		{DF49458C-7985-4C54-8D41-F5EF9DE11DAE}.Release|Win32.Build.0 = Release|Win32
		{DF49458C-7985-4C54-8D41-F5EF9DE11DAE}.Release|x64.ActiveCfg = Release|Win32
		{DF49458C-7985-4C54-8D41-F5EF9DE11DAE}.StaticOGL_MD|Win32.ActiveCfg = StaticOGL_MD|Win32
		{DF49458C-7985-4C54-8D41-F5EF9DE11DAE}.StaticOGL_MD|Win32.Build.0 = StaticOGL_MD|Win32
		{DF49458C-7985-4C54-8D41-F5EF9DE11DAE}.StaticOGL_MD|x64.ActiveCfg = StaticOGL_MD|Win32
		{DF49458C-7985-4C54-8D41-F5EF9DE11DAE}.StaticOGL|Win32.ActiveCfg = StaticOGL|Win32
		{DF49458C-7985-4C54-8D41-F5EF9DE11DAE}.StaticOGL|Win32.Build.0 = StaticOGL|Win32
		{DF49458C-7985-4C54-8D41-F5EF9DE11DAE}.StaticOGL|x64.ActiveCfg = StaticOGL|x64
		{DF49458C-7985-4C54-8D41-F5EF9DE11DAE}.StaticOGL|x64.Build.0 = StaticOGL|x64
		{DF49458C-7985-4C54-8D41-F5EF9DE11DAE}.StaticOGLDebug_MD|Win32.ActiveCfg = StaticOGLDebug_MD|Win32
		{DF49458C-7985-4C54-8D41-F5EF9DE11DAE}.StaticOGLDebug_MD|Win32.Build.0 = StaticOGLDebug_MD|Win32
		{DF49458C-7985-4C54-8D41-F5EF9DE11DAE}.StaticOGLDebug_MD|x64.ActiveCfg = StaticOGLDebug_MD|Win32
		{DF49458C-7985-4C54-8D41-F5EF9DE11DAE}.StaticOGLDebug|Win32.ActiveCfg = StaticOGLDebug|Win32
		{DF49458C-7985-4C54-8D41-F5EF9DE11DAE}.StaticOGLDebug|Win32.Build.0 = StaticOGLDebug|Win32
		{DF49458C-7985-4C54-8D41-F5EF9DE11DAE}.StaticOGLDebug|x64.ActiveCfg = StaticOGLDebug|x64
		{DF49458C-7985-4C54-8D41-F5EF9DE11DAE}.StaticOGLDebug|x64.Build.0 = StaticOGLDebug|x64
		{DF49458C-7985-4C54-8D41-F5EF9DE11DAE}.StaticOGLDebugWithExports|Win32.ActiveCfg = StaticOGLDebugWithExports|Win32
		{DF49458C-7985-4C54-8D41-F5EF9DE11DAE}.StaticOGLDebugWithExports|Win32.Build.0 = StaticOGLDebugWithExports|Win32
		{DF49458C-7985-4C54-8D41-F5EF9DE11DAE}.StaticOGLDebugWithExports|x64.ActiveCfg = StaticOGLDebugWithExports|x64
		{DF49458C-7985-4C54-8D41-F5EF9DE11DAE}.StaticOGLDebugWithExports|x64.Build.0 = StaticOGLDebugWithExports|x64
		{DF49458C-7985-4C54-8D41-F5EF9DE11DAE}.StaticOGLWithExports|Win32.ActiveCfg = StaticOGLWithExports|Win32
		{DF49458C-7985-4C54-8D41-F5EF9DE11DAE}.StaticOGLWithExports|Win32.Build.0 = StaticOGLWithExports|Win32
		{DF49458C-7985-4C54-8D41-F5EF9DE11DAE}.StaticOGLWithExports|x64.ActiveCfg = StaticOGLWithExports|x64
		{DF49458C-7985-4C54-8D41-F5EF9DE11DAE}.StaticOGLWithExports|x64.Build.0 = StaticOGLWithExports|x64
	EndGlobalSection
	GlobalSection(SolutionProperties) = preSolution
		HideSolutionNode = FALSE
	EndGlobalSection
EndGlobal
