<?xml version="1.0" encoding="utf-8"?>
<Project ToolsVersion="4.0" xmlns="http://schemas.microsoft.com/developer/msbuild/2003">
  <ItemGroup>
    <ClCompile Include="..\Boilerplate.cpp" />
    <ClCompile Include="..\DataReaderListenerImpl.cpp" />
    <ClCompile Include="..\MessengerC.cpp" />
    <ClCompile Include="..\MessengerS.cpp" />
    <ClCompile Include="..\MessengerTypeSupportC.cpp" />
    <ClCompile Include="..\MessengerTypeSupportImpl.cpp" />
    <ClCompile Include="..\MessengerTypeSupportS.cpp" />
    <ClCompile Include="..\CSampleMain.cpp" />
  </ItemGroup>
  <ItemGroup>
    <ClInclude Include="..\..\..\..\Ports\OS\win32\include\vxtPLBasicTypes.h" />
    <ClInclude Include="..\..\..\..\Integration\include\vxtRTCErrorManager.h" />
    <ClInclude Include="..\..\..\..\Integration\include\vxtRTCUserIntegrationCallbacksI.h" />
    <ClInclude Include="..\..\..\..\Integration\include\vxtRTCUserIntegrationI.h" />
    <ClInclude Include="..\Boilerplate.h" />
    <ClInclude Include="..\DataReaderListenerImpl.h" />
    <ClInclude Include="..\MessengerC.h" />
    <ClInclude Include="..\MessengerS.h" />
    <ClInclude Include="..\MessengerTypeSupportC.h" />
    <ClInclude Include="..\MessengerTypeSupportImpl.h" />
    <ClInclude Include="..\MessengerTypeSupportS.h" />
  </ItemGroup>
  <ItemGroup>
    <None Include="..\MessengerC.inl">
      <Filter>Inline Files</Filter>
    </None>
    <None Include="..\MessengerTypeSupportC.inl">
      <Filter>Inline Files</Filter>
    </None>
  </ItemGroup>
  <ItemGroup>
    <Filter Include="Inline Files">
      <UniqueIdentifier>{95e5acdb-84b4-4e96-aa23-911385e0acc0}</UniqueIdentifier>
    </Filter>
  </ItemGroup>
</Project>