
Microsoft Visual Studio Solution File, Format Version 11.00
# Visual C++ Express 2010
Project("{8BC9CEB8-8B4A-11D0-8D11-00A0C91BC942}") = "vxtClsOpenGLTriangle", "vxtClsOpenGLTriangle.vcxproj", "{035A17D3-056D-410B-9B92-E66565A9117D}"
EndProject
Global
	GlobalSection(SolutionConfigurationPlatforms) = preSolution
		Release|Win32 = Release|Win32
		StaticOGL|Win32 = StaticOGL|Win32
		StaticOGLDebug|Win32 = StaticOGLDebug|Win32
		StaticOGLDebugWithExports|Win32 = StaticOGLDebugWithExports|Win32
		StaticOGLWithExports|Win32 = StaticOGLWithExports|Win32
	EndGlobalSection
	GlobalSection(ProjectConfigurationPlatforms) = postSolution
		{035A17D3-056D-410B-9B92-E66565A9117D}.Release|Win32.ActiveCfg = Release|Win32
		{035A17D3-056D-410B-9B92-E66565A9117D}.Release|Win32.Build.0 = Release|Win32
		{035A17D3-056D-410B-9B92-E66565A9117D}.StaticOGL|Win32.ActiveCfg = StaticOGL|Win32
		{035A17D3-056D-410B-9B92-E66565A9117D}.StaticOGL|Win32.Build.0 = StaticOGL|Win32
		{035A17D3-056D-410B-9B92-E66565A9117D}.StaticOGLDebug|Win32.ActiveCfg = StaticOGLDebug|Win32
		{035A17D3-056D-410B-9B92-E66565A9117D}.StaticOGLDebug|Win32.Build.0 = StaticOGLDebug|Win32
		{035A17D3-056D-410B-9B92-E66565A9117D}.StaticOGLDebugWithExports|Win32.ActiveCfg = StaticOGLDebugWithExports|Win32
		{035A17D3-056D-410B-9B92-E66565A9117D}.StaticOGLDebugWithExports|Win32.Build.0 = StaticOGLDebugWithExports|Win32
		{035A17D3-056D-410B-9B92-E66565A9117D}.StaticOGLWithExports|Win32.ActiveCfg = StaticOGLWithExports|Win32
		{035A17D3-056D-410B-9B92-E66565A9117D}.StaticOGLWithExports|Win32.Build.0 = StaticOGLWithExports|Win32
	EndGlobalSection
	GlobalSection(SolutionProperties) = preSolution
		HideSolutionNode = FALSE
	EndGlobalSection
EndGlobal
